
Microsoft Visual Studio Solution File, Format Version 12.00
# Visual Studio 15
VisualStudioVersion = 15.0.26124.0
MinimumVisualStudioVersion = 15.0.26124.0
Project("{2150E333-8FDC-42A3-9474-1A3956D46DE8}") = "package", "package", "{CBF205F6-D551-4DB1-AE22-25214925BB28}"
ProjectSection(SolutionItems) = preProject
	assets\ppwcode_logo.jpg = assets\ppwcode_logo.jpg
	LICENSE = LICENSE
	NOTICE = NOTICE
	README.md = README.md
EndProjectSection
EndProject
Project("{2150E333-8FDC-42A3-9474-1A3956D46DE8}") = "psake", "psake", "{5EDD5A18-F63C-4E95-897C-FF91D33E5D6B}"
ProjectSection(SolutionItems) = preProject
	init-psake.ps1 = init-psake.ps1
	psakefile.ps1 = psakefile.ps1
EndProjectSection
EndProject
Project("{2150E333-8FDC-42A3-9474-1A3956D46DE8}") = "solution-items", "solution-items", "{87F3A3E6-EAF8-4B2B-9D6F-655D5A96A1F2}"
ProjectSection(SolutionItems) = preProject
	src\Directory.Build.props = src\Directory.Build.props
	src\version.props = src\version.props
EndProjectSection
EndProject
Project("{2150E333-8FDC-42A3-9474-1A3956D46DE8}") = "style-cop", "style-cop", "{6667573E-2F0D-47AF-ABEF-404878663E80}"
ProjectSection(SolutionItems) = preProject
	src\StyleCop.ruleset = src\StyleCop.ruleset
	src\StyleCop-Tests.ruleset = src\StyleCop-Tests.ruleset
EndProjectSection
EndProject
Project("{FAE04EC0-301F-11D3-BF4B-00C04F79EFBC}") = "PPWCode.Host.Core.Hangfire", "src\PPWCode.Host.Core.Hangfire\PPWCode.Host.Core.Hangfire.csproj", "{A749E0D9-E6EB-4330-96FD-41FA4D712E2E}"
EndProject
Global
	GlobalSection(SolutionConfigurationPlatforms) = preSolution
		Debug|Any CPU = Debug|Any CPU
		Debug|x64 = Debug|x64
		Debug|x86 = Debug|x86
		Release|Any CPU = Release|Any CPU
		Release|x64 = Release|x64
		Release|x86 = Release|x86
	EndGlobalSection
	GlobalSection(SolutionProperties) = preSolution
		HideSolutionNode = FALSE
	EndGlobalSection
	GlobalSection(ProjectConfigurationPlatforms) = postSolution
		{A749E0D9-E6EB-4330-96FD-41FA4D712E2E}.Debug|Any CPU.ActiveCfg = Debug|Any CPU
		{A749E0D9-E6EB-4330-96FD-41FA4D712E2E}.Debug|Any CPU.Build.0 = Debug|Any CPU
		{A749E0D9-E6EB-4330-96FD-41FA4D712E2E}.Debug|x64.ActiveCfg = Debug|Any CPU
		{A749E0D9-E6EB-4330-96FD-41FA4D712E2E}.Debug|x64.Build.0 = Debug|Any CPU
		{A749E0D9-E6EB-4330-96FD-41FA4D712E2E}.Debug|x86.ActiveCfg = Debug|Any CPU
		{A749E0D9-E6EB-4330-96FD-41FA4D712E2E}.Debug|x86.Build.0 = Debug|Any CPU
		{A749E0D9-E6EB-4330-96FD-41FA4D712E2E}.Release|Any CPU.ActiveCfg = Release|Any CPU
		{A749E0D9-E6EB-4330-96FD-41FA4D712E2E}.Release|Any CPU.Build.0 = Release|Any CPU
		{A749E0D9-E6EB-4330-96FD-41FA4D712E2E}.Release|x64.ActiveCfg = Release|Any CPU
		{A749E0D9-E6EB-4330-96FD-41FA4D712E2E}.Release|x64.Build.0 = Release|Any CPU
		{A749E0D9-E6EB-4330-96FD-41FA4D712E2E}.Release|x86.ActiveCfg = Release|Any CPU
		{A749E0D9-E6EB-4330-96FD-41FA4D712E2E}.Release|x86.Build.0 = Release|Any CPU
	EndGlobalSection
EndGlobal
